{
  "name": "thoughtout-app",
  "version": "2.0.0",
  "lockfileVersion": 3,
  "requires": true,
  "packages": {
    "": {
      "name": "thoughtout-app",
      "version": "2.0.0",
      "license": "ISC",
      "engines": {"node": "20.x"},
      "dependencies": {
        "@supabase/supabase-js": "^2.117.2",
        "cors": "^2.8.6",
        "dotenv": "^18.0.5",
        "express": "^5.2.1"
      }
    }
  }
}